
Microsoft Visual Studio Solution File, Format Version 12.00
# Visual Studio Version 16
VisualStudioVersion = 16.0.30804.86
MinimumVisualStudioVersion = 10.0.40219.1
Project("{FAE04EC0-301F-11D3-BF4B-00C04F79EFBC}") = "MinesweeperUnitTest", "MinesweeperUnitTest\MinesweeperUnitTest.csproj", "{CA324AA6-ACD2-45FC-AE92-B7BC15E4A415}"
EndProject
Global
	GlobalSection(SolutionConfigurationPlatforms) = preSolution
		Debug|Any CPU = Debug|Any CPU
		Release|Any CPU = Release|Any CPU
	EndGlobalSection
	GlobalSection(ProjectConfigurationPlatforms) = postSolution
		{CA324AA6-ACD2-45FC-AE92-B7BC15E4A415}.Debug|Any CPU.ActiveCfg = Debug|Any CPU
		{CA324AA6-ACD2-45FC-AE92-B7BC15E4A415}.Debug|Any CPU.Build.0 = Debug|Any CPU
		{CA324AA6-ACD2-45FC-AE92-B7BC15E4A415}.Release|Any CPU.ActiveCfg = Release|Any CPU
		{CA324AA6-ACD2-45FC-AE92-B7BC15E4A415}.Release|Any CPU.Build.0 = Release|Any CPU
	EndGlobalSection
	GlobalSection(SolutionProperties) = preSolution
		HideSolutionNode = FALSE
	EndGlobalSection
	GlobalSection(ExtensibilityGlobals) = postSolution
		SolutionGuid = {54ABC326-FD0E-4765-8F1A-6322728FE58C}
	EndGlobalSection
EndGlobal
